{
  "name": "crea-grafana-node-otel-example",
  "version": "1.0.0",
  "lockfileVersion": 3,
  "requires": true,
  "packages": {
    "": {
      "name": "crea-grafana-node-otel-example",
      "version": "1.0.0",
      "dependencies": {
        "@crearec/otel": "file:../../packages/crea-otel",
        "@opentelemetry/api": "^1.9.0",
        "@opentelemetry/api-logs": "^0.57.2"
      },
      "engines": {
        "node": ">=20"
      }
    },
    "../../packages/crea-otel": {
      "name": "@crearec/otel",
      "version": "0.1.0",
      "license": "UNLICENSED",
      "dependencies": {
        "@opentelemetry/api": "^1.9.0",
        "@opentelemetry/api-logs": "^0.57.2",
        "@opentelemetry/exporter-logs-otlp-http": "^0.57.2",
        "@opentelemetry/exporter-metrics-otlp-http": "^0.57.2",
        "@opentelemetry/exporter-trace-otlp-http": "^0.57.2",
        "@opentelemetry/resources": "^1.30.1",
        "@opentelemetry/sdk-logs": "^0.57.2",
        "@opentelemetry/sdk-metrics": "^1.30.1",
        "@opentelemetry/sdk-node": "^0.57.2",
        "@opentelemetry/sdk-trace-base": "^1.30.1",
        "@opentelemetry/semantic-conventions": "^1.28.0"
      },
      "devDependencies": {
        "@types/node": "^22.10.0",
        "typescript": "^5.7.2"
      },
      "engines": {
        "node": ">=20"
      }
    },
    "node_modules/@crearec/otel": {
      "resolved": "../../packages/crea-otel",
      "link": true
    },
    "node_modules/@opentelemetry/api": {
      "version": "1.9.1",
      "resolved": "https://registry.npmjs.org/@opentelemetry/api/-/api-1.9.1.tgz",
      "integrity": "sha512-gLyJlPHPZYdAk1JENA9LeHejZe1Ti77/pTeFm/nMXmQH/HFZlcS/O2XJB+L8fkbrNSqhdtlvjBVjxwUYanNH5Q==",
      "license": "Apache-2.0",
      "engines": {
        "node": ">=8.0.0"
      }
    },
    "node_modules/@opentelemetry/api-logs": {
      "version": "0.57.2",
      "resolved": "https://registry.npmjs.org/@opentelemetry/api-logs/-/api-logs-0.57.2.tgz",
      "integrity": "sha512-uIX52NnTM0iBh84MShlpouI7UKqkZ7MrUszTmaypHBu4r7NofznSnQRfJ+uUeDtQDj6w8eFGg5KBLDAwAPz1+A==",
      "license": "Apache-2.0",
      "dependencies": {
        "@opentelemetry/api": "^1.3.0"
      },
      "engines": {
        "node": ">=14"
      }
    }
  }
}
